
Microsoft Visual Studio Solution File, Format Version 12.00
# Visual Studio Version 17
VisualStudioVersion = 17.3.32929.385
MinimumVisualStudioVersion = 10.0.40219.1
Project("{9A19103F-16F7-4668-BE54-9A1E7A4F7556}") = "BigFileSorting", "BigFileSorting\BigFileSorting.csproj", "{BAD3B2FE-85D2-4AD5-BCB1-5E5572648B8E}"
EndProject
Project("{9A19103F-16F7-4668-BE54-9A1E7A4F7556}") = "BigFileCreator", "BigFileCreator\BigFileCreator.csproj", "{6EE9259F-F8DB-4A66-A246-93B5F838BFBF}"
EndProject
Project("{9A19103F-16F7-4668-BE54-9A1E7A4F7556}") = "TestProject1", "TestProject1\TestProject1.csproj", "{1EEE629F-CB0B-4F06-844F-E41EC459655C}"
EndProject
Global
	GlobalSection(SolutionConfigurationPlatforms) = preSolution
		Debug|Any CPU = Debug|Any CPU
		Release|Any CPU = Release|Any CPU
	EndGlobalSection
	GlobalSection(ProjectConfigurationPlatforms) = postSolution
		{BAD3B2FE-85D2-4AD5-BCB1-5E5572648B8E}.Debug|Any CPU.ActiveCfg = Debug|Any CPU
		{BAD3B2FE-85D2-4AD5-BCB1-5E5572648B8E}.Debug|Any CPU.Build.0 = Debug|Any CPU
		{BAD3B2FE-85D2-4AD5-BCB1-5E5572648B8E}.Release|Any CPU.ActiveCfg = Release|Any CPU
		{BAD3B2FE-85D2-4AD5-BCB1-5E5572648B8E}.Release|Any CPU.Build.0 = Release|Any CPU
		{6EE9259F-F8DB-4A66-A246-93B5F838BFBF}.Debug|Any CPU.ActiveCfg = Debug|Any CPU
		{6EE9259F-F8DB-4A66-A246-93B5F838BFBF}.Debug|Any CPU.Build.0 = Debug|Any CPU
		{6EE9259F-F8DB-4A66-A246-93B5F838BFBF}.Release|Any CPU.ActiveCfg = Release|Any CPU
		{6EE9259F-F8DB-4A66-A246-93B5F838BFBF}.Release|Any CPU.Build.0 = Release|Any CPU
		{1EEE629F-CB0B-4F06-844F-E41EC459655C}.Debug|Any CPU.ActiveCfg = Debug|Any CPU
		{1EEE629F-CB0B-4F06-844F-E41EC459655C}.Debug|Any CPU.Build.0 = Debug|Any CPU
		{1EEE629F-CB0B-4F06-844F-E41EC459655C}.Release|Any CPU.ActiveCfg = Release|Any CPU
		{1EEE629F-CB0B-4F06-844F-E41EC459655C}.Release|Any CPU.Build.0 = Release|Any CPU
	EndGlobalSection
	GlobalSection(SolutionProperties) = preSolution
		HideSolutionNode = FALSE
	EndGlobalSection
	GlobalSection(ExtensibilityGlobals) = postSolution
		SolutionGuid = {D925FFA3-361D-4C03-BC90-5B11006DC119}
	EndGlobalSection
EndGlobal
